
Microsoft Visual Studio Solution File, Format Version 12.00
# Visual Studio 15
VisualStudioVersion = 15.0.28307.168
MinimumVisualStudioVersion = 10.0.40219.1
Project("{FAE04EC0-301F-11D3-BF4B-00C04F79EFBC}") = "Lab 14", "Lab 14\Lab 14.csproj", "{611DB91F-7B20-450C-BBEC-263606DDE074}"
EndProject
Global
	GlobalSection(SolutionConfigurationPlatforms) = preSolution
		Debug|Any CPU = Debug|Any CPU
		Release|Any CPU = Release|Any CPU
	EndGlobalSection
	GlobalSection(ProjectConfigurationPlatforms) = postSolution
		{611DB91F-7B20-450C-BBEC-263606DDE074}.Debug|Any CPU.ActiveCfg = Debug|Any CPU
		{611DB91F-7B20-450C-BBEC-263606DDE074}.Debug|Any CPU.Build.0 = Debug|Any CPU
		{611DB91F-7B20-450C-BBEC-263606DDE074}.Release|Any CPU.ActiveCfg = Release|Any CPU
		{611DB91F-7B20-450C-BBEC-263606DDE074}.Release|Any CPU.Build.0 = Release|Any CPU
	EndGlobalSection
	GlobalSection(SolutionProperties) = preSolution
		HideSolutionNode = FALSE
	EndGlobalSection
	GlobalSection(ExtensibilityGlobals) = postSolution
		SolutionGuid = {A2B38FDA-0302-4D57-A797-85FB6FFF0B07}
	EndGlobalSection
EndGlobal
